
Microsoft Visual Studio Solution File, Format Version 12.00
# Visual Studio Version 16
VisualStudioVersion = 16.0.30413.136
MinimumVisualStudioVersion = 10.0.40219.1
Project("{FAE04EC0-301F-11D3-BF4B-00C04F79EFBC}") = "CinemaKruume", "CinemaKruume\CinemaKruume.csproj", "{538F1B4C-99DA-454B-9C22-183C539A58FB}"
EndProject
Global
	GlobalSection(SolutionConfigurationPlatforms) = preSolution
		Debug|Any CPU = Debug|Any CPU
		Release|Any CPU = Release|Any CPU
	EndGlobalSection
	GlobalSection(ProjectConfigurationPlatforms) = postSolution
		{538F1B4C-99DA-454B-9C22-183C539A58FB}.Debug|Any CPU.ActiveCfg = Debug|Any CPU
		{538F1B4C-99DA-454B-9C22-183C539A58FB}.Debug|Any CPU.Build.0 = Debug|Any CPU
		{538F1B4C-99DA-454B-9C22-183C539A58FB}.Release|Any CPU.ActiveCfg = Release|Any CPU
		{538F1B4C-99DA-454B-9C22-183C539A58FB}.Release|Any CPU.Build.0 = Release|Any CPU
	EndGlobalSection
	GlobalSection(SolutionProperties) = preSolution
		HideSolutionNode = FALSE
	EndGlobalSection
	GlobalSection(ExtensibilityGlobals) = postSolution
		SolutionGuid = {428973BF-A7D5-4FB0-B977-213C41B8075B}
	EndGlobalSection
EndGlobal
